
Microsoft Visual Studio Solution File, Format Version 12.00
# Visual Studio Version 16
VisualStudioVersion = 16.0.28803.452
MinimumVisualStudioVersion = 10.0.40219.1
Project("{888888A0-9F3D-457C-B088-3A5042F75D52}") = "vk_mmo_game", "vk_mmo_game\vk_mmo_game.pyproj", "{09523877-966F-4174-9376-7459D0BDFD4A}"
EndProject
Project("{2150E333-8FDC-42A3-9474-1A3956D46DE8}") = "Solution Items", "Solution Items", "{2D59AD73-9AC6-49B4-8EED-95767CF0FD20}"
EndProject
Global
	GlobalSection(SolutionConfigurationPlatforms) = preSolution
		Debug|Any CPU = Debug|Any CPU
		Release|Any CPU = Release|Any CPU
	EndGlobalSection
	GlobalSection(ProjectConfigurationPlatforms) = postSolution
		{09523877-966F-4174-9376-7459D0BDFD4A}.Debug|Any CPU.ActiveCfg = Debug|Any CPU
		{09523877-966F-4174-9376-7459D0BDFD4A}.Release|Any CPU.ActiveCfg = Release|Any CPU
	EndGlobalSection
	GlobalSection(SolutionProperties) = preSolution
		HideSolutionNode = FALSE
	EndGlobalSection
	GlobalSection(ExtensibilityGlobals) = postSolution
		SolutionGuid = {157514C6-CFF2-4A5D-BD28-646D42897918}
	EndGlobalSection
EndGlobal
